{"1.2.0",
[{<<"bbmustache">>,{pkg,<<"bbmustache">>,<<"1.10.0">>},0},
 {<<"certifi">>,{pkg,<<"certifi">>,<<"2.5.3">>},0},
 {<<"cf">>,{pkg,<<"cf">>,<<"0.3.1">>},0},
 {<<"cth_readable">>,{pkg,<<"cth_readable">>,<<"1.5.1">>},0},
 {<<"erlware_commons">>,{pkg,<<"erlware_commons">>,<<"1.4.0">>},0},
 {<<"eunit_formatters">>,{pkg,<<"eunit_formatters">>,<<"0.5.0">>},0},
 {<<"getopt">>,{pkg,<<"getopt">>,<<"1.0.1">>},0},
 {<<"parse_trans">>,{pkg,<<"parse_trans">>,<<"3.3.1">>},0},
 {<<"providers">>,{pkg,<<"providers">>,<<"1.8.1">>},0},
 {<<"relx">>,{pkg,<<"relx">>,<<"4.4.0">>},0},
 {<<"ssl_verify_fun">>,{pkg,<<"ssl_verify_fun">>,<<"1.1.6">>},0}]}.
[
{pkg_hash,[
 {<<"bbmustache">>, <<"DDC927463F0E95D66CDAC889153AF08015D609124D6D79006C248AD2DE7F6ECD">>},
 {<<"certifi">>, <<"70BDD7E7188C804F3A30EE0E7C99655BC35D8AC41C23E12325F36AB449B70651">>},
 {<<"cf">>, <<"5CB902239476E141EA70A740340233782D363A31EEA8AD37049561542E6CD641">>},
 {<<"cth_readable">>, <<"F511EFCFDE04A48B014A9197FFF1B4C4860E4E35CDB8E2F3AE3C4178E20299B1">>},
 {<<"erlware_commons">>, <<"F9EE38412E1413944BE78736DDB9BDB4C0664ABA5133563F4F3B359A8ED0AD52">>},
 {<<"eunit_formatters">>, <<"6A9133943D36A465D804C1C5B6E6839030434B8879C5600D7DDB5B3BAD4CCB59">>},
 {<<"getopt">>, <<"C73A9FA687B217F2FF79F68A3B637711BB1936E712B521D8CE466B29CBF7808A">>},
 {<<"parse_trans">>, <<"16328AB840CC09919BD10DAB29E431DA3AF9E9E7E7E6F0089DD5A2D2820011D8">>},
 {<<"providers">>, <<"70B4197869514344A8A60E2B2A4EF41CA03DEF43CFB1712ECF076A0F3C62F083">>},
 {<<"relx">>, <<"A7483BF5B82821D9CC992EF51F0B2DBFE05ADACD976807D42907C02C0C038B9C">>},
 {<<"ssl_verify_fun">>, <<"CF344F5692C82D2CD7554F5EC8FD961548D4FD09E7D22F5B62482E5AEAEBD4B0">>}]},
{pkg_hash_ext,[
 {<<"bbmustache">>, <<"43EFFA3FD4BB9523157AF5A9E2276C493495B8459FC8737144AA186CB13CE2EE">>},
 {<<"certifi">>, <<"ED516ACB3929B101208A9D700062D520F3953DA3B6B918D866106FFA980E1C10">>},
 {<<"cf">>, <<"315E8D447D3A4B02BCDBFA397AD03BBB988A6E0AA6F44D3ADD0F4E3C3BF97672">>},
 {<<"cth_readable">>, <<"686541A22EFE6CA5A41A047B39516C2DD28FB3CADE5F24A2F19145B3967F9D80">>},
 {<<"erlware_commons">>, <<"185ECF5CF43BAB3A013DDB3614CE7BBA7F6C7A827904E64E57DA54FCDFDCE2E6">>},
 {<<"eunit_formatters">>, <<"D6C8BA213424944E6E05BBC097C32001CDD0ABE3925D02454F229B20D68763C9">>},
 {<<"getopt">>, <<"53E1AB83B9CEB65C9672D3E7A35B8092E9BDC9B3EE80721471A161C10C59959C">>},
 {<<"parse_trans">>, <<"07CD9577885F56362D414E8C4C4E6BDF10D43A8767ABB92D24CBE8B24C54888B">>},
 {<<"providers">>, <<"E45745ADE9C476A9A469EA0840E418AB19360DC44F01A233304E118A44486BA0">>},
 {<<"relx">>, <<"55C0ED63BB5D55EB983A19EB94D7F3075DF6D126DBDFF43102A6660A91FCE925">>},
 {<<"ssl_verify_fun">>, <<"BDB0D2471F453C88FF3908E7686F86F9BE327D065CC1EC16FA4540197EA04680">>}]}
].
