{"1.1.0",
[{<<"bbmustache">>,{pkg,<<"bbmustache">>,<<"1.0.4">>},0},
 {<<"certifi">>,{pkg,<<"certifi">>,<<"0.4.0">>},0},
 {<<"cf">>,{pkg,<<"cf">>,<<"0.2.1">>},0},
 {<<"cth_readable">>,{pkg,<<"cth_readable">>,<<"1.2.3">>},0},
 {<<"erlware_commons">>,{pkg,<<"erlware_commons">>,<<"0.21.0">>},0},
 {<<"eunit_formatters">>,{pkg,<<"eunit_formatters">>,<<"0.3.1">>},0},
 {<<"getopt">>,{pkg,<<"getopt">>,<<"0.8.2">>},0},
 {<<"providers">>,{pkg,<<"providers">>,<<"1.6.0">>},0},
 {<<"relx">>,{pkg,<<"relx">>,<<"3.20.0">>},0},
 {<<"ssl_verify_fun">>,{pkg,<<"ssl_verify_fun">>,<<"1.1.1">>},0}]}.
[
{pkg_hash,[
 {<<"bbmustache">>, <<"7BA94F971C5AFD7B6617918A4BB74705E36CAB36EB84B19B6A1B7EE06427AA38">>},
 {<<"certifi">>, <<"A7966EFB868B179023618D29A407548F70C52466BF1849B9E8EBD0E34B7EA11F">>},
 {<<"cf">>, <<"69D0B1349FD4D7D4DC55B7F407D29D7A840BF9A1EF5AF529F1EBE0CE153FC2AB">>},
 {<<"cth_readable">>, <<"293120673DFF82F0768612C5282E35C40CACC1B6F94FE99077438FD3749D0E27">>},
 {<<"erlware_commons">>, <<"A04433071AD7D112EDEFC75AC77719DD3E6753E697AC09428FC83D7564B80B15">>},
 {<<"eunit_formatters">>, <<"7A6FC351EB5B873E2356B8852EB751E20C13A72FBCA03393CF682B8483509573">>},
 {<<"getopt">>, <<"B17556DB683000BA50370B16C0619DF1337E7AF7ECBF7D64FBF8D1D6BCE3109B">>},
 {<<"providers">>, <<"DB0E2F9043AE60C0155205FCD238D68516331D0E5146155E33D1E79DC452964A">>},
 {<<"relx">>, <<"B515B8317D25B3A1508699294C3D1FA6DC0527851DFFC87446661BCE21A36710">>},
 {<<"ssl_verify_fun">>, <<"28A4D65B7F59893BC2C7DE786DEC1E1555BD742D336043FE644AE956C3497FBE">>}]}
].
